github.com/zrcoder/amisgo v0.11.9 h1:jqeDOo+wW9WhRQVWkdG8OeiA3+Yp5Bx3UvvCTFLp4X4=
github.com/zrcoder/amisgo v0.11.9/go.mod h1:S9ywPkM6KkiQfeTIi7Y+6MYSBCXiO1PWi29Nu7KoUdY=
github.com/zrcoder/amisgo v0.11.14 h1:sTdp+wQsHFe1vPijdl89lmNYcbisepKpVwNFq3PjNqs=
github.com/zrcoder/amisgo v0.11.14/go.mod h1:S9ywPkM6KkiQfeTIi7Y+6MYSBCXiO1PWi29Nu7KoUdY=
